
Microsoft Visual Studio Solution File, Format Version 12.00
# Visual Studio Version 16
VisualStudioVersion = 16.0.31410.357
MinimumVisualStudioVersion = 10.0.40219.1
Project("{8BC9CEB8-8B4A-11D0-8D11-00A0C91BC942}") = "Create a DialogBox", "Create a DialogBox\Create a DialogBox.vcxproj", "{ED95EDE8-9347-4FB2-A24A-80C02509D556}"
EndProject
Global
	GlobalSection(SolutionConfigurationPlatforms) = preSolution
		Debug|x64 = Debug|x64
		Debug|x86 = Debug|x86
		Release|x64 = Release|x64
		Release|x86 = Release|x86
	EndGlobalSection
	GlobalSection(ProjectConfigurationPlatforms) = postSolution
		{ED95EDE8-9347-4FB2-A24A-80C02509D556}.Debug|x64.ActiveCfg = Debug|x64
		{ED95EDE8-9347-4FB2-A24A-80C02509D556}.Debug|x64.Build.0 = Debug|x64
		{ED95EDE8-9347-4FB2-A24A-80C02509D556}.Debug|x86.ActiveCfg = Debug|Win32
		{ED95EDE8-9347-4FB2-A24A-80C02509D556}.Debug|x86.Build.0 = Debug|Win32
		{ED95EDE8-9347-4FB2-A24A-80C02509D556}.Release|x64.ActiveCfg = Release|x64
		{ED95EDE8-9347-4FB2-A24A-80C02509D556}.Release|x64.Build.0 = Release|x64
		{ED95EDE8-9347-4FB2-A24A-80C02509D556}.Release|x86.ActiveCfg = Release|Win32
		{ED95EDE8-9347-4FB2-A24A-80C02509D556}.Release|x86.Build.0 = Release|Win32
	EndGlobalSection
	GlobalSection(SolutionProperties) = preSolution
		HideSolutionNode = FALSE
	EndGlobalSection
	GlobalSection(ExtensibilityGlobals) = postSolution
		SolutionGuid = {63FD306D-F556-4DDA-968B-E2AC8F8CE9CB}
	EndGlobalSection
EndGlobal
